PODS:
  - Kingfisher (4.7.0)
  - PHCyclePictureView (1.0.0):
    - Kingfisher

DEPENDENCIES:
  - PHCyclePictureView (from `../`)

SPEC REPOS:
  https://github.com/CocoaPods/Specs.git:
    - Kingfisher

EXTERNAL SOURCES:
  PHCyclePictureView:
    :path: "../"

SPEC CHECKSUMS:
  Kingfisher: da6b005aa96d37698e3e4f1ccfe96a5b9bbf27d6
  PHCyclePictureView: 27e58d5a1e2af0e8d72447282b670dcf44aab00f

PODFILE CHECKSUM: 34314e8fff4ca246ef065aa8d4d9a5fe4f7c1764

COCOAPODS: 1.5.0
